
Microsoft Visual Studio Solution File, Format Version 12.00
# Visual Studio Version 17
VisualStudioVersion = 17.9.34902.65
MinimumVisualStudioVersion = 10.0.40219.1
Project("{9A19103F-16F7-4668-BE54-9A1E7A4F7556}") = "FIFO_Minions", "FIFO_Minions.csproj", "{522D05C2-8D7B-4177-A07B-D9B939CF2D1C}"
EndProject
Global
	GlobalSection(SolutionConfigurationPlatforms) = preSolution
		Debug|Any CPU = Debug|Any CPU
		Release|Any CPU = Release|Any CPU
	EndGlobalSection
	GlobalSection(ProjectConfigurationPlatforms) = postSolution
		{522D05C2-8D7B-4177-A07B-D9B939CF2D1C}.Debug|Any CPU.ActiveCfg = Debug|Any CPU
		{522D05C2-8D7B-4177-A07B-D9B939CF2D1C}.Debug|Any CPU.Build.0 = Debug|Any CPU
		{522D05C2-8D7B-4177-A07B-D9B939CF2D1C}.Release|Any CPU.ActiveCfg = Release|Any CPU
		{522D05C2-8D7B-4177-A07B-D9B939CF2D1C}.Release|Any CPU.Build.0 = Release|Any CPU
	EndGlobalSection
	GlobalSection(SolutionProperties) = preSolution
		HideSolutionNode = FALSE
	EndGlobalSection
	GlobalSection(ExtensibilityGlobals) = postSolution
		SolutionGuid = {38EA8B6C-1893-4B72-AE16-35CEFE7784A9}
	EndGlobalSection
EndGlobal
